// !$*UTF8*$!
{
	archiveVersion = 1;
	classes = {};
	objectVersion = 56;
	objects = {

/* Begin PBXBuildFile section */
		54265F49A45047E9ACCC2E28 /* NetworkThroughputCollector.swift in Sources */ = {isa = PBXBuildFile; fileRef = 4A7C0EC9FA9248A99CD40AF0 /* NetworkThroughputCollector.swift */; };
		428F246894264C2BB18F5EAA /* ProcessCollector.swift in Sources */ = {isa = PBXBuildFile; fileRef = 025CF985C2784070B2E75A7F /* ProcessCollector.swift */; };
		2ACB7152DA92420F942A17D7 /* ProcessContext.swift in Sources */ = {isa = PBXBuildFile; fileRef = E656A5A24D934571BEA90AB9 /* ProcessContext.swift */; };
		F33447AFC0A845628CCFC9C0 /* ProcessDetailService.swift in Sources */ = {isa = PBXBuildFile; fileRef = 85AB8E6B134C4F96BDBAC8AC /* ProcessDetailService.swift */; };
		AE6397CCAFE34CFDA2DDF3A3 /* ProcessIdentity.swift in Sources */ = {isa = PBXBuildFile; fileRef = 5FB48A6E4E4D40EC9DC1764A /* ProcessIdentity.swift */; };
		4DF596B65E7B44BCAA3F8810 /* SocketCollector.swift in Sources */ = {isa = PBXBuildFile; fileRef = 326E7308EE1946258A401AC1 /* SocketCollector.swift */; };
		BCC345E74F624B97BA87E2C5 /* SystemMetricsCollector.swift in Sources */ = {isa = PBXBuildFile; fileRef = 80E059F79CFB4ABFBBE777E7 /* SystemMetricsCollector.swift */; };
		FFB62C4F6D1E4570BE9EA347 /* socket_scan.c in Sources */ = {isa = PBXBuildFile; fileRef = D813B66F226240A18A58E75D /* socket_scan.c */; };
		4B22F131229648EAB124203B /* socket_scan.h in Sources */ = {isa = PBXBuildFile; fileRef = 620B970719004CD8A9B31564 /* socket_scan.h */; };
		32C4442EA7C14A60A52B6903 /* ContentView.swift in Sources */ = {isa = PBXBuildFile; fileRef = 21A8F2A556214C66855B3840 /* ContentView.swift */; };
		5BF888B019FE486483D05D94 /* MonitorLogic.swift in Sources */ = {isa = PBXBuildFile; fileRef = 07AF190E1B7A412BACE0CFBD /* MonitorLogic.swift */; };
		69E3B357F49C4F23BA9BE000 /* ProcessKeyFormatting.swift in Sources */ = {isa = PBXBuildFile; fileRef = C42ED5359849418A8050495B /* ProcessKeyFormatting.swift */; };
		7BA67B774C1B4975AB461E50 /* DomainModels.swift in Sources */ = {isa = PBXBuildFile; fileRef = CCFD6A79161348BC81A14850 /* DomainModels.swift */; };
		BE08778270E84FE4A1032F34 /* SystemMetrics.swift in Sources */ = {isa = PBXBuildFile; fileRef = 7C1B3D6C91514ABDB4EE8D4B /* SystemMetrics.swift */; };
		FAF069DBD31B484C8122D41F /* PortMaster-Bridging-Header.h in Sources */ = {isa = PBXBuildFile; fileRef = 55CE49199C514AAEB627F337 /* PortMaster-Bridging-Header.h */; };
		6A3E3CF916384F92B06F4D3B /* PortMasterApp.swift in Sources */ = {isa = PBXBuildFile; fileRef = 66B2F40C4C55404ABA07563B /* PortMasterApp.swift */; };
		CE42CCDB2ECC4D2D98A1D823 /* InspectorReport.swift in Sources */ = {isa = PBXBuildFile; fileRef = 5FBFC5663C4749EAB4C4C98F /* InspectorReport.swift */; };
		017309CA10E141D19D9EDFE3 /* MonitorService.swift in Sources */ = {isa = PBXBuildFile; fileRef = 66CB6E2E93AB4744A5645045 /* MonitorService.swift */; };
		B223F33A8EBF4F868EDB0948 /* TerminalService.swift in Sources */ = {isa = PBXBuildFile; fileRef = 462BA5A88113452CA474C4B0 /* TerminalService.swift */; };
		06E6D0F8965E4908A8550096 /* Theme.swift in Sources */ = {isa = PBXBuildFile; fileRef = 69CA5C97B21A4DD8BD23867C /* Theme.swift */; };
		7D78B36717694F61A979AABD /* MonitorViewModel.swift in Sources */ = {isa = PBXBuildFile; fileRef = F82C66A63A6C43AEB41F3128 /* MonitorViewModel.swift */; };
		CA3123C3D7414396944BC10B /* MetricChartView.swift in Sources */ = {isa = PBXBuildFile; fileRef = D26D4B030CB54DDF9F5ADF2A /* MetricChartView.swift */; };
		A7E4974D59654089B6231C26 /* SparklineView.swift in Sources */ = {isa = PBXBuildFile; fileRef = A38EB581B81E4D57BD804F16 /* SparklineView.swift */; };
		0AC89403061648C7B384F273 /* InspectorPanelView.swift in Sources */ = {isa = PBXBuildFile; fileRef = 8DFECFE48F06489F808F95F2 /* InspectorPanelView.swift */; };
		40901401D6824486BC9E1C02 /* PerformanceView.swift in Sources */ = {isa = PBXBuildFile; fileRef = D73D8E27E6CD4987A9E45D35 /* PerformanceView.swift */; };
		C491A3CC1E754C42BB32B4A4 /* PortsTableView.swift in Sources */ = {isa = PBXBuildFile; fileRef = 17C42E4921CE4AC79330D4D9 /* PortsTableView.swift */; };
		89A5EBB1C4C943D4BCF74712 /* ProcessTableView.swift in Sources */ = {isa = PBXBuildFile; fileRef = D7B4973210434A4C8E8A45C4 /* ProcessTableView.swift */; };
		F4AECEECD50D434D8F73ECD5 /* SidebarView.swift in Sources */ = {isa = PBXBuildFile; fileRef = 2CFB93714A034219A0077AE0 /* SidebarView.swift */; };
		9611AF3F63964202A02D24EF /* StatusFooterView.swift in Sources */ = {isa = PBXBuildFile; fileRef = D51282B891484D7B836AF63E /* StatusFooterView.swift */; };
		6E45F8EA4BB446569327A98A /* TablePrimitives.swift in Sources */ = {isa = PBXBuildFile; fileRef = 95C1ACC57A614FF6A79355F1 /* TablePrimitives.swift */; };
		45F9D1CC73504E15ACF744D6 /* TitleBarView.swift in Sources */ = {isa = PBXBuildFile; fileRef = F31EF4B259BB4A52AFD7D2A9 /* TitleBarView.swift */; };
		3349A1E9991841F99004EB4B /* MonitorLogicTests.swift in Sources */ = {isa = PBXBuildFile; fileRef = 79BC902BD902459F9198FDC4 /* MonitorLogicTests.swift */; };
		A4D4015EB29E4D60826DE903 /* ProcessCollectorTests.swift in Sources */ = {isa = PBXBuildFile; fileRef = 41C46CC2C66448038C915236 /* ProcessCollectorTests.swift */; };
		5FCE2752DB0A404083E26AAE /* ProcessIdentityTests.swift in Sources */ = {isa = PBXBuildFile; fileRef = DA7B5F7824694371BAAC8C85 /* ProcessIdentityTests.swift */; };
		4358AEEED5F84969B40E4E64 /* RenderTests.swift in Sources */ = {isa = PBXBuildFile; fileRef = FAE696AE497A4EEC9A23D462 /* RenderTests.swift */; };
/* End PBXBuildFile section */

/* Begin PBXFileReference section */
		4A7C0EC9FA9248A99CD40AF0 /* NetworkThroughputCollector.swift */ = {isa = PBXFileReference; lastKnownFileType = sourcecode.swift; path = Collectors/NetworkThroughputCollector.swift; sourceTree = "<group>"; };
		025CF985C2784070B2E75A7F /* ProcessCollector.swift */ = {isa = PBXFileReference; lastKnownFileType = sourcecode.swift; path = Collectors/ProcessCollector.swift; sourceTree = "<group>"; };
		E656A5A24D934571BEA90AB9 /* ProcessContext.swift */ = {isa = PBXFileReference; lastKnownFileType = sourcecode.swift; path = Collectors/ProcessContext.swift; sourceTree = "<group>"; };
		85AB8E6B134C4F96BDBAC8AC /* ProcessDetailService.swift */ = {isa = PBXFileReference; lastKnownFileType = sourcecode.swift; path = Collectors/ProcessDetailService.swift; sourceTree = "<group>"; };
		5FB48A6E4E4D40EC9DC1764A /* ProcessIdentity.swift */ = {isa = PBXFileReference; lastKnownFileType = sourcecode.swift; path = Collectors/ProcessIdentity.swift; sourceTree = "<group>"; };
		326E7308EE1946258A401AC1 /* SocketCollector.swift */ = {isa = PBXFileReference; lastKnownFileType = sourcecode.swift; path = Collectors/SocketCollector.swift; sourceTree = "<group>"; };
		80E059F79CFB4ABFBBE777E7 /* SystemMetricsCollector.swift */ = {isa = PBXFileReference; lastKnownFileType = sourcecode.swift; path = Collectors/SystemMetricsCollector.swift; sourceTree = "<group>"; };
		D813B66F226240A18A58E75D /* socket_scan.c */ = {isa = PBXFileReference; lastKnownFileType = sourcecode.c.c; path = Collectors/socket_scan.c; sourceTree = "<group>"; };
		620B970719004CD8A9B31564 /* socket_scan.h */ = {isa = PBXFileReference; lastKnownFileType = sourcecode.c.h; path = Collectors/socket_scan.h; sourceTree = "<group>"; };
		21A8F2A556214C66855B3840 /* ContentView.swift */ = {isa = PBXFileReference; lastKnownFileType = sourcecode.swift; path = ContentView.swift; sourceTree = "<group>"; };
		07AF190E1B7A412BACE0CFBD /* MonitorLogic.swift */ = {isa = PBXFileReference; lastKnownFileType = sourcecode.swift; path = Logic/MonitorLogic.swift; sourceTree = "<group>"; };
		C42ED5359849418A8050495B /* ProcessKeyFormatting.swift */ = {isa = PBXFileReference; lastKnownFileType = sourcecode.swift; path = Logic/ProcessKeyFormatting.swift; sourceTree = "<group>"; };
		CCFD6A79161348BC81A14850 /* DomainModels.swift */ = {isa = PBXFileReference; lastKnownFileType = sourcecode.swift; path = Models/DomainModels.swift; sourceTree = "<group>"; };
		7C1B3D6C91514ABDB4EE8D4B /* SystemMetrics.swift */ = {isa = PBXFileReference; lastKnownFileType = sourcecode.swift; path = Models/SystemMetrics.swift; sourceTree = "<group>"; };
		55CE49199C514AAEB627F337 /* PortMaster-Bridging-Header.h */ = {isa = PBXFileReference; lastKnownFileType = sourcecode.c.h; path = PortMaster-Bridging-Header.h; sourceTree = "<group>"; };
		66B2F40C4C55404ABA07563B /* PortMasterApp.swift */ = {isa = PBXFileReference; lastKnownFileType = sourcecode.swift; path = PortMasterApp.swift; sourceTree = "<group>"; };
		5FBFC5663C4749EAB4C4C98F /* InspectorReport.swift */ = {isa = PBXFileReference; lastKnownFileType = sourcecode.swift; path = Services/InspectorReport.swift; sourceTree = "<group>"; };
		66CB6E2E93AB4744A5645045 /* MonitorService.swift */ = {isa = PBXFileReference; lastKnownFileType = sourcecode.swift; path = Services/MonitorService.swift; sourceTree = "<group>"; };
		462BA5A88113452CA474C4B0 /* TerminalService.swift */ = {isa = PBXFileReference; lastKnownFileType = sourcecode.swift; path = Services/TerminalService.swift; sourceTree = "<group>"; };
		69CA5C97B21A4DD8BD23867C /* Theme.swift */ = {isa = PBXFileReference; lastKnownFileType = sourcecode.swift; path = Theme/Theme.swift; sourceTree = "<group>"; };
		F82C66A63A6C43AEB41F3128 /* MonitorViewModel.swift */ = {isa = PBXFileReference; lastKnownFileType = sourcecode.swift; path = ViewModels/MonitorViewModel.swift; sourceTree = "<group>"; };
		D26D4B030CB54DDF9F5ADF2A /* MetricChartView.swift */ = {isa = PBXFileReference; lastKnownFileType = sourcecode.swift; path = Views/Charts/MetricChartView.swift; sourceTree = "<group>"; };
		A38EB581B81E4D57BD804F16 /* SparklineView.swift */ = {isa = PBXFileReference; lastKnownFileType = sourcecode.swift; path = Views/Charts/SparklineView.swift; sourceTree = "<group>"; };
		8DFECFE48F06489F808F95F2 /* InspectorPanelView.swift */ = {isa = PBXFileReference; lastKnownFileType = sourcecode.swift; path = Views/InspectorPanelView.swift; sourceTree = "<group>"; };
		D73D8E27E6CD4987A9E45D35 /* PerformanceView.swift */ = {isa = PBXFileReference; lastKnownFileType = sourcecode.swift; path = Views/PerformanceView.swift; sourceTree = "<group>"; };
		17C42E4921CE4AC79330D4D9 /* PortsTableView.swift */ = {isa = PBXFileReference; lastKnownFileType = sourcecode.swift; path = Views/PortsTableView.swift; sourceTree = "<group>"; };
		D7B4973210434A4C8E8A45C4 /* ProcessTableView.swift */ = {isa = PBXFileReference; lastKnownFileType = sourcecode.swift; path = Views/ProcessTableView.swift; sourceTree = "<group>"; };
		2CFB93714A034219A0077AE0 /* SidebarView.swift */ = {isa = PBXFileReference; lastKnownFileType = sourcecode.swift; path = Views/SidebarView.swift; sourceTree = "<group>"; };
		D51282B891484D7B836AF63E /* StatusFooterView.swift */ = {isa = PBXFileReference; lastKnownFileType = sourcecode.swift; path = Views/StatusFooterView.swift; sourceTree = "<group>"; };
		95C1ACC57A614FF6A79355F1 /* TablePrimitives.swift */ = {isa = PBXFileReference; lastKnownFileType = sourcecode.swift; path = Views/TablePrimitives.swift; sourceTree = "<group>"; };
		F31EF4B259BB4A52AFD7D2A9 /* TitleBarView.swift */ = {isa = PBXFileReference; lastKnownFileType = sourcecode.swift; path = Views/TitleBarView.swift; sourceTree = "<group>"; };
		79BC902BD902459F9198FDC4 /* MonitorLogicTests.swift */ = {isa = PBXFileReference; lastKnownFileType = sourcecode.swift; path = MonitorLogicTests.swift; sourceTree = "<group>"; };
		41C46CC2C66448038C915236 /* ProcessCollectorTests.swift */ = {isa = PBXFileReference; lastKnownFileType = sourcecode.swift; path = ProcessCollectorTests.swift; sourceTree = "<group>"; };
		DA7B5F7824694371BAAC8C85 /* ProcessIdentityTests.swift */ = {isa = PBXFileReference; lastKnownFileType = sourcecode.swift; path = ProcessIdentityTests.swift; sourceTree = "<group>"; };
		FAE696AE497A4EEC9A23D462 /* RenderTests.swift */ = {isa = PBXFileReference; lastKnownFileType = sourcecode.swift; path = RenderTests.swift; sourceTree = "<group>"; };
		77D21B13214449E7B9BEA7CC /* PortMaster.app */ = {isa = PBXFileReference; explicitFileType = wrapper.application; includeInIndex = 0; path = PortMaster.app; sourceTree = BUILT_PRODUCTS_DIR; };
		5B49D58AAB424AE8842B45A0 /* PortMasterTests.xctest */ = {isa = PBXFileReference; explicitFileType = wrapper.cfbundle; includeInIndex = 0; path = PortMasterTests.xctest; sourceTree = BUILT_PRODUCTS_DIR; };
/* End PBXFileReference section */

/* Begin PBXFrameworksBuildPhase section */
		2732AB5538C2444BA6582E7E /* Frameworks */ = {
			isa = PBXFrameworksBuildPhase;
			buildActionMask = 2147483647;
			files = (
			);
			runOnlyForDeploymentPostprocessing = 0;
		};
		F0D06E1F2A3B4365BE9D1B73 /* Frameworks */ = {
			isa = PBXFrameworksBuildPhase;
			buildActionMask = 2147483647;
			files = (
			);
			runOnlyForDeploymentPostprocessing = 0;
		};
/* End PBXFrameworksBuildPhase section */

/* Begin PBXGroup section */
		0D9BC49F0D544C76B689BDB1 = {
			isa = PBXGroup;
			children = (
				BC8494DAF7274484A805C4C6 /* PortMaster */,
				FEACEA6D2BD64D8E97754745 /* PortMasterTests */,
				15154747BCC04DBCBB7AC631 /* Products */,
			);
			sourceTree = "<group>";
		};
		BC8494DAF7274484A805C4C6 /* PortMaster */ = {
			isa = PBXGroup;
			children = (
				4A7C0EC9FA9248A99CD40AF0 /* NetworkThroughputCollector.swift */,
				025CF985C2784070B2E75A7F /* ProcessCollector.swift */,
				E656A5A24D934571BEA90AB9 /* ProcessContext.swift */,
				85AB8E6B134C4F96BDBAC8AC /* ProcessDetailService.swift */,
				5FB48A6E4E4D40EC9DC1764A /* ProcessIdentity.swift */,
				326E7308EE1946258A401AC1 /* SocketCollector.swift */,
				80E059F79CFB4ABFBBE777E7 /* SystemMetricsCollector.swift */,
				D813B66F226240A18A58E75D /* socket_scan.c */,
				620B970719004CD8A9B31564 /* socket_scan.h */,
				21A8F2A556214C66855B3840 /* ContentView.swift */,
				07AF190E1B7A412BACE0CFBD /* MonitorLogic.swift */,
				C42ED5359849418A8050495B /* ProcessKeyFormatting.swift */,
				CCFD6A79161348BC81A14850 /* DomainModels.swift */,
				7C1B3D6C91514ABDB4EE8D4B /* SystemMetrics.swift */,
				55CE49199C514AAEB627F337 /* PortMaster-Bridging-Header.h */,
				66B2F40C4C55404ABA07563B /* PortMasterApp.swift */,
				5FBFC5663C4749EAB4C4C98F /* InspectorReport.swift */,
				66CB6E2E93AB4744A5645045 /* MonitorService.swift */,
				462BA5A88113452CA474C4B0 /* TerminalService.swift */,
				69CA5C97B21A4DD8BD23867C /* Theme.swift */,
				F82C66A63A6C43AEB41F3128 /* MonitorViewModel.swift */,
				D26D4B030CB54DDF9F5ADF2A /* MetricChartView.swift */,
				A38EB581B81E4D57BD804F16 /* SparklineView.swift */,
				8DFECFE48F06489F808F95F2 /* InspectorPanelView.swift */,
				D73D8E27E6CD4987A9E45D35 /* PerformanceView.swift */,
				17C42E4921CE4AC79330D4D9 /* PortsTableView.swift */,
				D7B4973210434A4C8E8A45C4 /* ProcessTableView.swift */,
				2CFB93714A034219A0077AE0 /* SidebarView.swift */,
				D51282B891484D7B836AF63E /* StatusFooterView.swift */,
				95C1ACC57A614FF6A79355F1 /* TablePrimitives.swift */,
				F31EF4B259BB4A52AFD7D2A9 /* TitleBarView.swift */,
			);
			path = PortMaster;
			sourceTree = "<group>";
		};
		FEACEA6D2BD64D8E97754745 /* PortMasterTests */ = {
			isa = PBXGroup;
			children = (
				79BC902BD902459F9198FDC4 /* MonitorLogicTests.swift */,
				41C46CC2C66448038C915236 /* ProcessCollectorTests.swift */,
				DA7B5F7824694371BAAC8C85 /* ProcessIdentityTests.swift */,
				FAE696AE497A4EEC9A23D462 /* RenderTests.swift */,
			);
			path = PortMasterTests;
			sourceTree = "<group>";
		};
		15154747BCC04DBCBB7AC631 /* Products */ = {
			isa = PBXGroup;
			children = (
				77D21B13214449E7B9BEA7CC /* PortMaster.app */,
				5B49D58AAB424AE8842B45A0 /* PortMasterTests.xctest */,
			);
			name = Products;
			sourceTree = "<group>";
		};
/* End PBXGroup section */

/* Begin PBXNativeTarget section */
		9CCA0AE529A24E18B53C79BF /* PortMaster */ = {
			isa = PBXNativeTarget;
			buildConfigurationList = 0187247B62224E50AE89B12F /* Build configuration list for PBXNativeTarget "PortMaster" */;
			buildPhases = (
				9C02436126E64ED691876AD3 /* Sources */,
				53E5C40B291C468B93AA7CE3 /* Frameworks */,
			);
			buildRules = ();
			dependencies = ();
			name = PortMaster;
			productName = PortMaster;
			productReference = 77D21B13214449E7B9BEA7CC /* PortMaster.app */;
			productType = "com.apple.product-type.application";
		};
		040D8D8077CD4821B425417A /* PortMasterTests */ = {
			isa = PBXNativeTarget;
			buildConfigurationList = 180511D849C84EE9A862C29E /* Build configuration list for PBXNativeTarget "PortMasterTests" */;
			buildPhases = (
				F02DE68C05784B7F8F03D44E /* Sources */,
				477A68AA33DF4500820FBFA8 /* Frameworks */,
			);
			buildRules = ();
			dependencies = (
				14FBAFACF13943F89AA985F3 /* PBXTargetDependency */,
			);
			name = PortMasterTests;
			productName = PortMasterTests;
			productReference = 5B49D58AAB424AE8842B45A0 /* PortMasterTests.xctest */;
			productType = "com.apple.product-type.bundle.unit-test";
		};
/* End PBXNativeTarget section */

/* Begin PBXProject section */
		92B2D40FD7A54FEFB068ED5B /* Project object */ = {
			isa = PBXProject;
			attributes = {
				BuildIndependentTargetsInParallel = 1;
				LastSwiftUpdateCheck = 1600;
				LastUpgradeCheck = 1600;
			};
			buildConfigurationList = 0C58788C2C384F43890075D7 /* Build configuration list for PBXProject "PortMaster" */;
			compatibilityVersion = "Xcode 14.0";
			developmentRegion = en;
			hasScannedForEncodings = 0;
			knownRegions = (
				en,
				Base,
			);
			mainGroup = 0D9BC49F0D544C76B689BDB1;
			productRefGroup = 15154747BCC04DBCBB7AC631 /* Products */;
			projectDirPath = "";
			projectRoot = "";
			targets = (
				9CCA0AE529A24E18B53C79BF /* PortMaster */,
				040D8D8077CD4821B425417A /* PortMasterTests */,
			);
		};
/* End PBXProject section */

/* Begin PBXSourcesBuildPhase section */
		9C02436126E64ED691876AD3 /* Sources */ = {
			isa = PBXSourcesBuildPhase;
			buildActionMask = 2147483647;
			files = (
				54265F49A45047E9ACCC2E28 /* NetworkThroughputCollector.swift in Sources */,
				428F246894264C2BB18F5EAA /* ProcessCollector.swift in Sources */,
				2ACB7152DA92420F942A17D7 /* ProcessContext.swift in Sources */,
				F33447AFC0A845628CCFC9C0 /* ProcessDetailService.swift in Sources */,
				AE6397CCAFE34CFDA2DDF3A3 /* ProcessIdentity.swift in Sources */,
				4DF596B65E7B44BCAA3F8810 /* SocketCollector.swift in Sources */,
				BCC345E74F624B97BA87E2C5 /* SystemMetricsCollector.swift in Sources */,
				FFB62C4F6D1E4570BE9EA347 /* socket_scan.c in Sources */,
				4B22F131229648EAB124203B /* socket_scan.h in Sources */,
				32C4442EA7C14A60A52B6903 /* ContentView.swift in Sources */,
				5BF888B019FE486483D05D94 /* MonitorLogic.swift in Sources */,
				69E3B357F49C4F23BA9BE000 /* ProcessKeyFormatting.swift in Sources */,
				7BA67B774C1B4975AB461E50 /* DomainModels.swift in Sources */,
				BE08778270E84FE4A1032F34 /* SystemMetrics.swift in Sources */,
				FAF069DBD31B484C8122D41F /* PortMaster-Bridging-Header.h in Sources */,
				6A3E3CF916384F92B06F4D3B /* PortMasterApp.swift in Sources */,
				CE42CCDB2ECC4D2D98A1D823 /* InspectorReport.swift in Sources */,
				017309CA10E141D19D9EDFE3 /* MonitorService.swift in Sources */,
				B223F33A8EBF4F868EDB0948 /* TerminalService.swift in Sources */,
				06E6D0F8965E4908A8550096 /* Theme.swift in Sources */,
				7D78B36717694F61A979AABD /* MonitorViewModel.swift in Sources */,
				CA3123C3D7414396944BC10B /* MetricChartView.swift in Sources */,
				A7E4974D59654089B6231C26 /* SparklineView.swift in Sources */,
				0AC89403061648C7B384F273 /* InspectorPanelView.swift in Sources */,
				40901401D6824486BC9E1C02 /* PerformanceView.swift in Sources */,
				C491A3CC1E754C42BB32B4A4 /* PortsTableView.swift in Sources */,
				89A5EBB1C4C943D4BCF74712 /* ProcessTableView.swift in Sources */,
				F4AECEECD50D434D8F73ECD5 /* SidebarView.swift in Sources */,
				9611AF3F63964202A02D24EF /* StatusFooterView.swift in Sources */,
				6E45F8EA4BB446569327A98A /* TablePrimitives.swift in Sources */,
				45F9D1CC73504E15ACF744D6 /* TitleBarView.swift in Sources */,
			);
			runOnlyForDeploymentPostprocessing = 0;
		};
		F02DE68C05784B7F8F03D44E /* Sources */ = {
			isa = PBXSourcesBuildPhase;
			buildActionMask = 2147483647;
			files = (
				3349A1E9991841F99004EB4B /* MonitorLogicTests.swift in Sources */,
				A4D4015EB29E4D60826DE903 /* ProcessCollectorTests.swift in Sources */,
				5FCE2752DB0A404083E26AAE /* ProcessIdentityTests.swift in Sources */,
				4358AEEED5F84969B40E4E64 /* RenderTests.swift in Sources */,
			);
			runOnlyForDeploymentPostprocessing = 0;
		};
/* End PBXSourcesBuildPhase section */

/* Begin PBXContainerItemProxy section */
		6F9BC220190149D986D8FC0F /* PBXContainerItemProxy */ = {
			isa = PBXContainerItemProxy;
			containerPortal = 92B2D40FD7A54FEFB068ED5B /* Project object */;
			proxyType = 1;
			remoteGlobalIDString = 9CCA0AE529A24E18B53C79BF;
			remoteInfo = PortMaster;
		};
/* End PBXContainerItemProxy section */

/* Begin PBXTargetDependency section */
		14FBAFACF13943F89AA985F3 /* PBXTargetDependency */ = {
			isa = PBXTargetDependency;
			target = 9CCA0AE529A24E18B53C79BF /* PortMaster */;
			targetProxy = 6F9BC220190149D986D8FC0F /* PBXContainerItemProxy */;
		};
/* End PBXTargetDependency section */

/* Begin XCBuildConfiguration section */
		781F63AA9D2547DD9F290434 /* Debug */ = {
			isa = XCBuildConfiguration;
			buildSettings = {
				ALWAYS_SEARCH_USER_PATHS = NO;
				CLANG_ENABLE_MODULES = YES;
				COPY_PHASE_STRIP = NO;
				DEBUG_INFORMATION_FORMAT = dwarf;
				ENABLE_TESTABILITY = YES;
				GCC_OPTIMIZATION_LEVEL = 0;
				ONLY_ACTIVE_ARCH = YES;
				SWIFT_ACTIVE_COMPILATION_CONDITIONS = DEBUG;
				SWIFT_OPTIMIZATION_LEVEL = "-Onone";
				MACOSX_DEPLOYMENT_TARGET = 14.0;
				SDKROOT = macosx;
			};
			name = Debug;
		};
		3B79D28EA3474F198164DFC7 /* Release */ = {
			isa = XCBuildConfiguration;
			buildSettings = {
				ALWAYS_SEARCH_USER_PATHS = NO;
				CLANG_ENABLE_MODULES = YES;
				COPY_PHASE_STRIP = NO;
				DEBUG_INFORMATION_FORMAT = "dwarf-with-dsym";
				SWIFT_COMPILATION_MODE = wholemodule;
				SWIFT_OPTIMIZATION_LEVEL = "-O";
				MACOSX_DEPLOYMENT_TARGET = 14.0;
				SDKROOT = macosx;
			};
			name = Release;
		};
		E488EAC885D34FC9AC227877 /* Debug */ = {
			isa = XCBuildConfiguration;
			buildSettings = {
				CODE_SIGN_ENTITLEMENTS = PortMaster/PortMaster.entitlements;
				CODE_SIGN_STYLE = Automatic;
				COMBINE_HIDPI_IMAGES = YES;
				CURRENT_PROJECT_VERSION = 1;
				ENABLE_HARDENED_RUNTIME = YES;
				GENERATE_INFOPLIST_FILE = YES;
				INFOPLIST_KEY_CFBundleDisplayName = PortMaster;
				INFOPLIST_KEY_LSMinimumSystemVersion = 14.0;
				LD_RUNPATH_SEARCH_PATHS = (
					"$(inherited)",
					"@executable_path/../Frameworks",
				);
				MARKETING_VERSION = 0.1.0;
				PRODUCT_BUNDLE_IDENTIFIER = com.portmaster.app;
				PRODUCT_NAME = "$(TARGET_NAME)";
				SWIFT_EMIT_LOC_STRINGS = YES;
				SWIFT_OBJC_BRIDGING_HEADER = "PortMaster/PortMaster-Bridging-Header.h";
				SWIFT_VERSION = 5.0;
			};
			name = Debug;
		};
		D5E64D82B81C4D0080C56F2F /* Release */ = {
			isa = XCBuildConfiguration;
			buildSettings = {
				CODE_SIGN_ENTITLEMENTS = PortMaster/PortMaster.entitlements;
				CODE_SIGN_STYLE = Automatic;
				COMBINE_HIDPI_IMAGES = YES;
				CURRENT_PROJECT_VERSION = 1;
				ENABLE_HARDENED_RUNTIME = YES;
				GENERATE_INFOPLIST_FILE = YES;
				INFOPLIST_KEY_CFBundleDisplayName = PortMaster;
				INFOPLIST_KEY_LSMinimumSystemVersion = 14.0;
				LD_RUNPATH_SEARCH_PATHS = (
					"$(inherited)",
					"@executable_path/../Frameworks",
				);
				MARKETING_VERSION = 0.1.0;
				PRODUCT_BUNDLE_IDENTIFIER = com.portmaster.app;
				PRODUCT_NAME = "$(TARGET_NAME)";
				SWIFT_EMIT_LOC_STRINGS = YES;
				SWIFT_OBJC_BRIDGING_HEADER = "PortMaster/PortMaster-Bridging-Header.h";
				SWIFT_VERSION = 5.0;
			};
			name = Release;
		};
		97BA567F91F547DC90D0110B /* Debug */ = {
			isa = XCBuildConfiguration;
			buildSettings = {
				BUNDLE_LOADER = "$(TEST_HOST)";
				CODE_SIGN_STYLE = Automatic;
				GENERATE_INFOPLIST_FILE = YES;
				MACOSX_DEPLOYMENT_TARGET = 14.0;
				PRODUCT_BUNDLE_IDENTIFIER = com.portmaster.app.tests;
				PRODUCT_NAME = "$(TARGET_NAME)";
				SWIFT_VERSION = 5.0;
				TEST_HOST = "$(BUILT_PRODUCTS_DIR)/PortMaster.app/$(BUNDLE_EXECUTABLE_FOLDER_PATH)/PortMaster";
			};
			name = Debug;
		};
		40CFB01F6E2640B997395447 /* Release */ = {
			isa = XCBuildConfiguration;
			buildSettings = {
				BUNDLE_LOADER = "$(TEST_HOST)";
				CODE_SIGN_STYLE = Automatic;
				GENERATE_INFOPLIST_FILE = YES;
				MACOSX_DEPLOYMENT_TARGET = 14.0;
				PRODUCT_BUNDLE_IDENTIFIER = com.portmaster.app.tests;
				PRODUCT_NAME = "$(TARGET_NAME)";
				SWIFT_VERSION = 5.0;
				TEST_HOST = "$(BUILT_PRODUCTS_DIR)/PortMaster.app/$(BUNDLE_EXECUTABLE_FOLDER_PATH)/PortMaster";
			};
			name = Release;
		};
/* End XCBuildConfiguration section */

/* Begin XCConfigurationList section */
		0187247B62224E50AE89B12F /* Build configuration list for PBXNativeTarget "PortMaster" */ = {
			isa = XCConfigurationList;
			buildConfigurations = (
				E488EAC885D34FC9AC227877 /* Debug */,
				D5E64D82B81C4D0080C56F2F /* Release */,
			);
			defaultConfigurationIsVisible = 0;
			defaultConfigurationName = Release;
		};
		180511D849C84EE9A862C29E /* Build configuration list for PBXNativeTarget "PortMasterTests" */ = {
			isa = XCConfigurationList;
			buildConfigurations = (
				97BA567F91F547DC90D0110B /* Debug */,
				40CFB01F6E2640B997395447 /* Release */,
			);
			defaultConfigurationIsVisible = 0;
			defaultConfigurationName = Release;
		};
		0C58788C2C384F43890075D7 /* Build configuration list for PBXProject "PortMaster project" */ = {
			isa = XCConfigurationList;
			buildConfigurations = (
				781F63AA9D2547DD9F290434 /* Debug */,
				3B79D28EA3474F198164DFC7 /* Release */,
			);
			defaultConfigurationIsVisible = 0;
			defaultConfigurationName = Release;
		};
/* End XCConfigurationList section */
	};
	rootObject = 92B2D40FD7A54FEFB068ED5B /* Project object */;
}
