// !$*UTF8*$!
{
	archiveVersion = 1;
	classes = {};
	objectVersion = 56;
	objects = {

/* Begin PBXBuildFile section */
		AADD456BA8574239A07F50C0 /* DiskThroughputCollector.swift in Sources */ = {isa = PBXBuildFile; fileRef = 769396BD647548D68252B2C0 /* DiskThroughputCollector.swift */; };
		26D7D156E40F4700A147DEC4 /* NetworkThroughputCollector.swift in Sources */ = {isa = PBXBuildFile; fileRef = 442B4D676CBD4654803839DF /* NetworkThroughputCollector.swift */; };
		737C5BC42F354308BAD2B438 /* ProcessCollector.swift in Sources */ = {isa = PBXBuildFile; fileRef = D669DA1F69F4418D866D7F83 /* ProcessCollector.swift */; };
		5AE0F384D45D45039BAB21F5 /* ProcessContext.swift in Sources */ = {isa = PBXBuildFile; fileRef = BF9AEBF1B1594337915F1338 /* ProcessContext.swift */; };
		C8014455CD164AFF92F76AF7 /* ProcessDetailService.swift in Sources */ = {isa = PBXBuildFile; fileRef = 4CAF440509E14F2AA01331CB /* ProcessDetailService.swift */; };
		B998FCD18728452B829154E5 /* ProcessIdentity.swift in Sources */ = {isa = PBXBuildFile; fileRef = 75C07F9ACA3541048CA58C75 /* ProcessIdentity.swift */; };
		93EE886C58824F1394E51BA8 /* SocketCollector.swift in Sources */ = {isa = PBXBuildFile; fileRef = 5BAC6648B9404C6995511066 /* SocketCollector.swift */; };
		B41A2013A0424C66BE4C64D6 /* SystemMetricsCollector.swift in Sources */ = {isa = PBXBuildFile; fileRef = 6FCF1AC9DEB34590BB78146F /* SystemMetricsCollector.swift */; };
		D75EE0CADAD14D62A96629DF /* socket_scan.c in Sources */ = {isa = PBXBuildFile; fileRef = 2FFB7878A80A42848D84525B /* socket_scan.c */; };
		094E3561BD5448CF83C8AD8A /* socket_scan.h in Sources */ = {isa = PBXBuildFile; fileRef = 56C85116779D4E58A6416B56 /* socket_scan.h */; };
		3CF099B8677B4AA09A02E88B /* ContentView.swift in Sources */ = {isa = PBXBuildFile; fileRef = 1DDFDC4FC9B34708AFB266F6 /* ContentView.swift */; };
		A3618DC170D04DFBAF14E6EE /* LaunchLogic.swift in Sources */ = {isa = PBXBuildFile; fileRef = 13C81F8D5E1E49259385FCE5 /* LaunchLogic.swift */; };
		F978567AC3BC407387DFB5C2 /* MonitorLogic.swift in Sources */ = {isa = PBXBuildFile; fileRef = ADF8297F3A0F45479CCDE6E4 /* MonitorLogic.swift */; };
		BB0C4F9F39EC4306A5F8DAC1 /* ProcessKeyFormatting.swift in Sources */ = {isa = PBXBuildFile; fileRef = 5CE1AFE9AB6C40179E95DC4C /* ProcessKeyFormatting.swift */; };
		F4FDBA1B817E4B468C7EC6A8 /* DomainModels.swift in Sources */ = {isa = PBXBuildFile; fileRef = 9E9D994CC16447F78909D8FB /* DomainModels.swift */; };
		5A0E91B32B254371A24181B5 /* SystemMetrics.swift in Sources */ = {isa = PBXBuildFile; fileRef = 5D0317E5177648D6866812EC /* SystemMetrics.swift */; };
		62DACFB4A86649618C4709BC /* PortMaster-Bridging-Header.h in Sources */ = {isa = PBXBuildFile; fileRef = 8CCAD776D44A44038ED7EC9A /* PortMaster-Bridging-Header.h */; };
		00B192222D7D4CF9ACAAEF48 /* PortMasterApp.swift in Sources */ = {isa = PBXBuildFile; fileRef = D15BF958FAAB47B3B53AF60B /* PortMasterApp.swift */; };
		CACA2ACB6DF840FB84636FEA /* InspectorReport.swift in Sources */ = {isa = PBXBuildFile; fileRef = E4B61B34CD2D443DA6EE8C54 /* InspectorReport.swift */; };
		A89EC441B78C49C18753B039 /* MonitorService.swift in Sources */ = {isa = PBXBuildFile; fileRef = 316186AA40904841811BCC20 /* MonitorService.swift */; };
		D4FAD548278C419797A46E82 /* TerminalService.swift in Sources */ = {isa = PBXBuildFile; fileRef = 94AF9847AB60444BB51C163F /* TerminalService.swift */; };
		938FFD7103994E12B427F787 /* Theme.swift in Sources */ = {isa = PBXBuildFile; fileRef = C4E580543003496086C55D62 /* Theme.swift */; };
		9A6FB5A5DB7D4644A2A9C94D /* MonitorViewModel.swift in Sources */ = {isa = PBXBuildFile; fileRef = 5AC7F053E9E843858E0C4AB5 /* MonitorViewModel.swift */; };
		FBC9FC6466FF402CBF009D8D /* Performance.swift in Sources */ = {isa = PBXBuildFile; fileRef = 84AE808012E748E787D581F0 /* Performance.swift */; };
		D08AB277078C41BF807BCC15 /* Ports.swift in Sources */ = {isa = PBXBuildFile; fileRef = EDE4EA5F772D4CADB636F54D /* Ports.swift */; };
		55E29632CA67438A8365BE92 /* Processes.swift in Sources */ = {isa = PBXBuildFile; fileRef = 9785DD60AB8C4301AAC04E9E /* Processes.swift */; };
		FDA804DD877D4668A0A55203 /* MetricChartView.swift in Sources */ = {isa = PBXBuildFile; fileRef = D96CA32B9DD142FB96A361C8 /* MetricChartView.swift */; };
		DED35881FB84410C9245528A /* SparklineView.swift in Sources */ = {isa = PBXBuildFile; fileRef = 7D8DEE18435F4DDDBD9105A3 /* SparklineView.swift */; };
		5BB2F559C1814863AD3C8F1E /* InspectorPanelView.swift in Sources */ = {isa = PBXBuildFile; fileRef = ABB38ABDBF7A467BA2FC22DD /* InspectorPanelView.swift */; };
		6DBD21D4128D490EBBC24CB6 /* PerformanceView.swift in Sources */ = {isa = PBXBuildFile; fileRef = F53EA1FD2C21467A880805F4 /* PerformanceView.swift */; };
		EFDEE636191D46659E8B1FEF /* PortsTableView.swift in Sources */ = {isa = PBXBuildFile; fileRef = 9FD9F776C2C3455EAF69042C /* PortsTableView.swift */; };
		B83043C2C3D544D2900E711B /* ProcessTableView.swift in Sources */ = {isa = PBXBuildFile; fileRef = BBA5BFE41CA8406992FB1017 /* ProcessTableView.swift */; };
		AB12484E89804D2C8B0F3FA5 /* SidebarView.swift in Sources */ = {isa = PBXBuildFile; fileRef = 683491EC92314CCBB2E8F0B0 /* SidebarView.swift */; };
		6FBE0BDCD5B84D2CB0DAFC9A /* StatusFooterView.swift in Sources */ = {isa = PBXBuildFile; fileRef = 1C3938627F094090A9DA86B8 /* StatusFooterView.swift */; };
		92265BBA08954E5F98D8BCBE /* TablePrimitives.swift in Sources */ = {isa = PBXBuildFile; fileRef = 61F323B1567041189CF02E23 /* TablePrimitives.swift */; };
		0A19D7EB0C894DBCA69AFA10 /* TitleBarView.swift in Sources */ = {isa = PBXBuildFile; fileRef = 9B05AB39817C4E99B6EF1529 /* TitleBarView.swift */; };
		29D51655D42E45D1BA6ABBA9 /* DiskThroughputTests.swift in Sources */ = {isa = PBXBuildFile; fileRef = 37A3AE3011A24EC8A9C7D4C5 /* DiskThroughputTests.swift */; };
		9888376D221043A3A4C23C4C /* LaunchLogicTests.swift in Sources */ = {isa = PBXBuildFile; fileRef = 6272F245A34E4DCF9D8B66B6 /* LaunchLogicTests.swift */; };
		EE7BA837E1A54FE2BA905DEC /* MonitorLogicTests.swift in Sources */ = {isa = PBXBuildFile; fileRef = 1725CFCB3EEE4D449701A011 /* MonitorLogicTests.swift */; };
		D4C501A4142545F7BC6B9712 /* ObservedRecordingTests.swift in Sources */ = {isa = PBXBuildFile; fileRef = B71A308634E14FC4B446602C /* ObservedRecordingTests.swift */; };
		0FDD8E6C15704AD88AEE812D /* ProcessCollectorTests.swift in Sources */ = {isa = PBXBuildFile; fileRef = 52BF5E2481F34E559534CE2A /* ProcessCollectorTests.swift */; };
		4950A572BD1D4A6CBCC7366A /* ProcessIdentityTests.swift in Sources */ = {isa = PBXBuildFile; fileRef = 4AF14B221B0F4E2ABDF31528 /* ProcessIdentityTests.swift */; };
		2B388DE69BFD4BB985776AAC /* RSSCoverageProbeTests.swift in Sources */ = {isa = PBXBuildFile; fileRef = DE0A68E631C749D7ACE53428 /* RSSCoverageProbeTests.swift */; };
		3E327763559C491885602A2D /* RenderTests.swift in Sources */ = {isa = PBXBuildFile; fileRef = C313E7EFE30B45618FA3EF1A /* RenderTests.swift */; };
/* End PBXBuildFile section */

/* Begin PBXFileReference section */
		769396BD647548D68252B2C0 /* DiskThroughputCollector.swift */ = {isa = PBXFileReference; lastKnownFileType = sourcecode.swift; path = Collectors/DiskThroughputCollector.swift; sourceTree = "<group>"; };
		442B4D676CBD4654803839DF /* NetworkThroughputCollector.swift */ = {isa = PBXFileReference; lastKnownFileType = sourcecode.swift; path = Collectors/NetworkThroughputCollector.swift; sourceTree = "<group>"; };
		D669DA1F69F4418D866D7F83 /* ProcessCollector.swift */ = {isa = PBXFileReference; lastKnownFileType = sourcecode.swift; path = Collectors/ProcessCollector.swift; sourceTree = "<group>"; };
		BF9AEBF1B1594337915F1338 /* ProcessContext.swift */ = {isa = PBXFileReference; lastKnownFileType = sourcecode.swift; path = Collectors/ProcessContext.swift; sourceTree = "<group>"; };
		4CAF440509E14F2AA01331CB /* ProcessDetailService.swift */ = {isa = PBXFileReference; lastKnownFileType = sourcecode.swift; path = Collectors/ProcessDetailService.swift; sourceTree = "<group>"; };
		75C07F9ACA3541048CA58C75 /* ProcessIdentity.swift */ = {isa = PBXFileReference; lastKnownFileType = sourcecode.swift; path = Collectors/ProcessIdentity.swift; sourceTree = "<group>"; };
		5BAC6648B9404C6995511066 /* SocketCollector.swift */ = {isa = PBXFileReference; lastKnownFileType = sourcecode.swift; path = Collectors/SocketCollector.swift; sourceTree = "<group>"; };
		6FCF1AC9DEB34590BB78146F /* SystemMetricsCollector.swift */ = {isa = PBXFileReference; lastKnownFileType = sourcecode.swift; path = Collectors/SystemMetricsCollector.swift; sourceTree = "<group>"; };
		2FFB7878A80A42848D84525B /* socket_scan.c */ = {isa = PBXFileReference; lastKnownFileType = sourcecode.c.c; path = Collectors/socket_scan.c; sourceTree = "<group>"; };
		56C85116779D4E58A6416B56 /* socket_scan.h */ = {isa = PBXFileReference; lastKnownFileType = sourcecode.c.h; path = Collectors/socket_scan.h; sourceTree = "<group>"; };
		1DDFDC4FC9B34708AFB266F6 /* ContentView.swift */ = {isa = PBXFileReference; lastKnownFileType = sourcecode.swift; path = ContentView.swift; sourceTree = "<group>"; };
		13C81F8D5E1E49259385FCE5 /* LaunchLogic.swift */ = {isa = PBXFileReference; lastKnownFileType = sourcecode.swift; path = Logic/LaunchLogic.swift; sourceTree = "<group>"; };
		ADF8297F3A0F45479CCDE6E4 /* MonitorLogic.swift */ = {isa = PBXFileReference; lastKnownFileType = sourcecode.swift; path = Logic/MonitorLogic.swift; sourceTree = "<group>"; };
		5CE1AFE9AB6C40179E95DC4C /* ProcessKeyFormatting.swift */ = {isa = PBXFileReference; lastKnownFileType = sourcecode.swift; path = Logic/ProcessKeyFormatting.swift; sourceTree = "<group>"; };
		9E9D994CC16447F78909D8FB /* DomainModels.swift */ = {isa = PBXFileReference; lastKnownFileType = sourcecode.swift; path = Models/DomainModels.swift; sourceTree = "<group>"; };
		5D0317E5177648D6866812EC /* SystemMetrics.swift */ = {isa = PBXFileReference; lastKnownFileType = sourcecode.swift; path = Models/SystemMetrics.swift; sourceTree = "<group>"; };
		8CCAD776D44A44038ED7EC9A /* PortMaster-Bridging-Header.h */ = {isa = PBXFileReference; lastKnownFileType = sourcecode.c.h; path = PortMaster-Bridging-Header.h; sourceTree = "<group>"; };
		D15BF958FAAB47B3B53AF60B /* PortMasterApp.swift */ = {isa = PBXFileReference; lastKnownFileType = sourcecode.swift; path = PortMasterApp.swift; sourceTree = "<group>"; };
		E4B61B34CD2D443DA6EE8C54 /* InspectorReport.swift */ = {isa = PBXFileReference; lastKnownFileType = sourcecode.swift; path = Services/InspectorReport.swift; sourceTree = "<group>"; };
		316186AA40904841811BCC20 /* MonitorService.swift */ = {isa = PBXFileReference; lastKnownFileType = sourcecode.swift; path = Services/MonitorService.swift; sourceTree = "<group>"; };
		94AF9847AB60444BB51C163F /* TerminalService.swift */ = {isa = PBXFileReference; lastKnownFileType = sourcecode.swift; path = Services/TerminalService.swift; sourceTree = "<group>"; };
		C4E580543003496086C55D62 /* Theme.swift */ = {isa = PBXFileReference; lastKnownFileType = sourcecode.swift; path = Theme/Theme.swift; sourceTree = "<group>"; };
		5AC7F053E9E843858E0C4AB5 /* MonitorViewModel.swift */ = {isa = PBXFileReference; lastKnownFileType = sourcecode.swift; path = ViewModels/MonitorViewModel.swift; sourceTree = "<group>"; };
		84AE808012E748E787D581F0 /* Performance.swift */ = {isa = PBXFileReference; lastKnownFileType = sourcecode.swift; path = ViewModels/Performance.swift; sourceTree = "<group>"; };
		EDE4EA5F772D4CADB636F54D /* Ports.swift */ = {isa = PBXFileReference; lastKnownFileType = sourcecode.swift; path = ViewModels/Ports.swift; sourceTree = "<group>"; };
		9785DD60AB8C4301AAC04E9E /* Processes.swift */ = {isa = PBXFileReference; lastKnownFileType = sourcecode.swift; path = ViewModels/Processes.swift; sourceTree = "<group>"; };
		D96CA32B9DD142FB96A361C8 /* MetricChartView.swift */ = {isa = PBXFileReference; lastKnownFileType = sourcecode.swift; path = Views/Charts/MetricChartView.swift; sourceTree = "<group>"; };
		7D8DEE18435F4DDDBD9105A3 /* SparklineView.swift */ = {isa = PBXFileReference; lastKnownFileType = sourcecode.swift; path = Views/Charts/SparklineView.swift; sourceTree = "<group>"; };
		ABB38ABDBF7A467BA2FC22DD /* InspectorPanelView.swift */ = {isa = PBXFileReference; lastKnownFileType = sourcecode.swift; path = Views/InspectorPanelView.swift; sourceTree = "<group>"; };
		F53EA1FD2C21467A880805F4 /* PerformanceView.swift */ = {isa = PBXFileReference; lastKnownFileType = sourcecode.swift; path = Views/PerformanceView.swift; sourceTree = "<group>"; };
		9FD9F776C2C3455EAF69042C /* PortsTableView.swift */ = {isa = PBXFileReference; lastKnownFileType = sourcecode.swift; path = Views/PortsTableView.swift; sourceTree = "<group>"; };
		BBA5BFE41CA8406992FB1017 /* ProcessTableView.swift */ = {isa = PBXFileReference; lastKnownFileType = sourcecode.swift; path = Views/ProcessTableView.swift; sourceTree = "<group>"; };
		683491EC92314CCBB2E8F0B0 /* SidebarView.swift */ = {isa = PBXFileReference; lastKnownFileType = sourcecode.swift; path = Views/SidebarView.swift; sourceTree = "<group>"; };
		1C3938627F094090A9DA86B8 /* StatusFooterView.swift */ = {isa = PBXFileReference; lastKnownFileType = sourcecode.swift; path = Views/StatusFooterView.swift; sourceTree = "<group>"; };
		61F323B1567041189CF02E23 /* TablePrimitives.swift */ = {isa = PBXFileReference; lastKnownFileType = sourcecode.swift; path = Views/TablePrimitives.swift; sourceTree = "<group>"; };
		9B05AB39817C4E99B6EF1529 /* TitleBarView.swift */ = {isa = PBXFileReference; lastKnownFileType = sourcecode.swift; path = Views/TitleBarView.swift; sourceTree = "<group>"; };
		37A3AE3011A24EC8A9C7D4C5 /* DiskThroughputTests.swift */ = {isa = PBXFileReference; lastKnownFileType = sourcecode.swift; path = DiskThroughputTests.swift; sourceTree = "<group>"; };
		6272F245A34E4DCF9D8B66B6 /* LaunchLogicTests.swift */ = {isa = PBXFileReference; lastKnownFileType = sourcecode.swift; path = LaunchLogicTests.swift; sourceTree = "<group>"; };
		1725CFCB3EEE4D449701A011 /* MonitorLogicTests.swift */ = {isa = PBXFileReference; lastKnownFileType = sourcecode.swift; path = MonitorLogicTests.swift; sourceTree = "<group>"; };
		B71A308634E14FC4B446602C /* ObservedRecordingTests.swift */ = {isa = PBXFileReference; lastKnownFileType = sourcecode.swift; path = ObservedRecordingTests.swift; sourceTree = "<group>"; };
		52BF5E2481F34E559534CE2A /* ProcessCollectorTests.swift */ = {isa = PBXFileReference; lastKnownFileType = sourcecode.swift; path = ProcessCollectorTests.swift; sourceTree = "<group>"; };
		4AF14B221B0F4E2ABDF31528 /* ProcessIdentityTests.swift */ = {isa = PBXFileReference; lastKnownFileType = sourcecode.swift; path = ProcessIdentityTests.swift; sourceTree = "<group>"; };
		DE0A68E631C749D7ACE53428 /* RSSCoverageProbeTests.swift */ = {isa = PBXFileReference; lastKnownFileType = sourcecode.swift; path = RSSCoverageProbeTests.swift; sourceTree = "<group>"; };
		C313E7EFE30B45618FA3EF1A /* RenderTests.swift */ = {isa = PBXFileReference; lastKnownFileType = sourcecode.swift; path = RenderTests.swift; sourceTree = "<group>"; };
		93F19E0DBC184A1294B4B138 /* PortMaster.app */ = {isa = PBXFileReference; explicitFileType = wrapper.application; includeInIndex = 0; path = PortMaster.app; sourceTree = BUILT_PRODUCTS_DIR; };
		685C56FCD39E4047ABCF365C /* PortMasterTests.xctest */ = {isa = PBXFileReference; explicitFileType = wrapper.cfbundle; includeInIndex = 0; path = PortMasterTests.xctest; sourceTree = BUILT_PRODUCTS_DIR; };
/* End PBXFileReference section */

/* Begin PBXFrameworksBuildPhase section */
		A9E169F959694E33B2FEE640 /* Frameworks */ = {
			isa = PBXFrameworksBuildPhase;
			buildActionMask = 2147483647;
			files = (
			);
			runOnlyForDeploymentPostprocessing = 0;
		};
		20DDEBFD08E543899685534D /* Frameworks */ = {
			isa = PBXFrameworksBuildPhase;
			buildActionMask = 2147483647;
			files = (
			);
			runOnlyForDeploymentPostprocessing = 0;
		};
/* End PBXFrameworksBuildPhase section */

/* Begin PBXGroup section */
		56E53E7F66EE4EE2979FA0E8 = {
			isa = PBXGroup;
			children = (
				E6CC0F19F2F84F9B97A02BAB /* PortMaster */,
				EC49210B74914991A4F64FCE /* PortMasterTests */,
				2BEB2723CAEF4221A8AE6B25 /* Products */,
			);
			sourceTree = "<group>";
		};
		E6CC0F19F2F84F9B97A02BAB /* PortMaster */ = {
			isa = PBXGroup;
			children = (
				769396BD647548D68252B2C0 /* DiskThroughputCollector.swift */,
				442B4D676CBD4654803839DF /* NetworkThroughputCollector.swift */,
				D669DA1F69F4418D866D7F83 /* ProcessCollector.swift */,
				BF9AEBF1B1594337915F1338 /* ProcessContext.swift */,
				4CAF440509E14F2AA01331CB /* ProcessDetailService.swift */,
				75C07F9ACA3541048CA58C75 /* ProcessIdentity.swift */,
				5BAC6648B9404C6995511066 /* SocketCollector.swift */,
				6FCF1AC9DEB34590BB78146F /* SystemMetricsCollector.swift */,
				2FFB7878A80A42848D84525B /* socket_scan.c */,
				56C85116779D4E58A6416B56 /* socket_scan.h */,
				1DDFDC4FC9B34708AFB266F6 /* ContentView.swift */,
				13C81F8D5E1E49259385FCE5 /* LaunchLogic.swift */,
				ADF8297F3A0F45479CCDE6E4 /* MonitorLogic.swift */,
				5CE1AFE9AB6C40179E95DC4C /* ProcessKeyFormatting.swift */,
				9E9D994CC16447F78909D8FB /* DomainModels.swift */,
				5D0317E5177648D6866812EC /* SystemMetrics.swift */,
				8CCAD776D44A44038ED7EC9A /* PortMaster-Bridging-Header.h */,
				D15BF958FAAB47B3B53AF60B /* PortMasterApp.swift */,
				E4B61B34CD2D443DA6EE8C54 /* InspectorReport.swift */,
				316186AA40904841811BCC20 /* MonitorService.swift */,
				94AF9847AB60444BB51C163F /* TerminalService.swift */,
				C4E580543003496086C55D62 /* Theme.swift */,
				5AC7F053E9E843858E0C4AB5 /* MonitorViewModel.swift */,
				84AE808012E748E787D581F0 /* Performance.swift */,
				EDE4EA5F772D4CADB636F54D /* Ports.swift */,
				9785DD60AB8C4301AAC04E9E /* Processes.swift */,
				D96CA32B9DD142FB96A361C8 /* MetricChartView.swift */,
				7D8DEE18435F4DDDBD9105A3 /* SparklineView.swift */,
				ABB38ABDBF7A467BA2FC22DD /* InspectorPanelView.swift */,
				F53EA1FD2C21467A880805F4 /* PerformanceView.swift */,
				9FD9F776C2C3455EAF69042C /* PortsTableView.swift */,
				BBA5BFE41CA8406992FB1017 /* ProcessTableView.swift */,
				683491EC92314CCBB2E8F0B0 /* SidebarView.swift */,
				1C3938627F094090A9DA86B8 /* StatusFooterView.swift */,
				61F323B1567041189CF02E23 /* TablePrimitives.swift */,
				9B05AB39817C4E99B6EF1529 /* TitleBarView.swift */,
			);
			path = PortMaster;
			sourceTree = "<group>";
		};
		EC49210B74914991A4F64FCE /* PortMasterTests */ = {
			isa = PBXGroup;
			children = (
				37A3AE3011A24EC8A9C7D4C5 /* DiskThroughputTests.swift */,
				6272F245A34E4DCF9D8B66B6 /* LaunchLogicTests.swift */,
				1725CFCB3EEE4D449701A011 /* MonitorLogicTests.swift */,
				B71A308634E14FC4B446602C /* ObservedRecordingTests.swift */,
				52BF5E2481F34E559534CE2A /* ProcessCollectorTests.swift */,
				4AF14B221B0F4E2ABDF31528 /* ProcessIdentityTests.swift */,
				DE0A68E631C749D7ACE53428 /* RSSCoverageProbeTests.swift */,
				C313E7EFE30B45618FA3EF1A /* RenderTests.swift */,
			);
			path = PortMasterTests;
			sourceTree = "<group>";
		};
		2BEB2723CAEF4221A8AE6B25 /* Products */ = {
			isa = PBXGroup;
			children = (
				93F19E0DBC184A1294B4B138 /* PortMaster.app */,
				685C56FCD39E4047ABCF365C /* PortMasterTests.xctest */,
			);
			name = Products;
			sourceTree = "<group>";
		};
/* End PBXGroup section */

/* Begin PBXNativeTarget section */
		53FFCE07370D44D9B85452E6 /* PortMaster */ = {
			isa = PBXNativeTarget;
			buildConfigurationList = C847A5D3366F43D8B07A1814 /* Build configuration list for PBXNativeTarget "PortMaster" */;
			buildPhases = (
				3164526B7C3D4CC6B94FA114 /* Sources */,
				AC6B11A428484B91B4A72B77 /* Frameworks */,
			);
			buildRules = ();
			dependencies = ();
			name = PortMaster;
			productName = PortMaster;
			productReference = 93F19E0DBC184A1294B4B138 /* PortMaster.app */;
			productType = "com.apple.product-type.application";
		};
		19B8993699024AB08132D512 /* PortMasterTests */ = {
			isa = PBXNativeTarget;
			buildConfigurationList = A3FE1AD8566B4FAE8E1FE429 /* Build configuration list for PBXNativeTarget "PortMasterTests" */;
			buildPhases = (
				C32C4737CD16457E86C96DE1 /* Sources */,
				336BCC98E9144AA483004863 /* Frameworks */,
			);
			buildRules = ();
			dependencies = (
				BAB00C7DFC8248DC94BCE04A /* PBXTargetDependency */,
			);
			name = PortMasterTests;
			productName = PortMasterTests;
			productReference = 685C56FCD39E4047ABCF365C /* PortMasterTests.xctest */;
			productType = "com.apple.product-type.bundle.unit-test";
		};
/* End PBXNativeTarget section */

/* Begin PBXProject section */
		E18E5A7CBC1A4CB6830C14A8 /* Project object */ = {
			isa = PBXProject;
			attributes = {
				BuildIndependentTargetsInParallel = 1;
				LastSwiftUpdateCheck = 1600;
				LastUpgradeCheck = 1600;
			};
			buildConfigurationList = DEC36A9D03EC4AE2BAACCEA2 /* Build configuration list for PBXProject "PortMaster" */;
			compatibilityVersion = "Xcode 14.0";
			developmentRegion = en;
			hasScannedForEncodings = 0;
			knownRegions = (
				en,
				Base,
			);
			mainGroup = 56E53E7F66EE4EE2979FA0E8;
			productRefGroup = 2BEB2723CAEF4221A8AE6B25 /* Products */;
			projectDirPath = "";
			projectRoot = "";
			targets = (
				53FFCE07370D44D9B85452E6 /* PortMaster */,
				19B8993699024AB08132D512 /* PortMasterTests */,
			);
		};
/* End PBXProject section */

/* Begin PBXSourcesBuildPhase section */
		3164526B7C3D4CC6B94FA114 /* Sources */ = {
			isa = PBXSourcesBuildPhase;
			buildActionMask = 2147483647;
			files = (
				AADD456BA8574239A07F50C0 /* DiskThroughputCollector.swift in Sources */,
				26D7D156E40F4700A147DEC4 /* NetworkThroughputCollector.swift in Sources */,
				737C5BC42F354308BAD2B438 /* ProcessCollector.swift in Sources */,
				5AE0F384D45D45039BAB21F5 /* ProcessContext.swift in Sources */,
				C8014455CD164AFF92F76AF7 /* ProcessDetailService.swift in Sources */,
				B998FCD18728452B829154E5 /* ProcessIdentity.swift in Sources */,
				93EE886C58824F1394E51BA8 /* SocketCollector.swift in Sources */,
				B41A2013A0424C66BE4C64D6 /* SystemMetricsCollector.swift in Sources */,
				D75EE0CADAD14D62A96629DF /* socket_scan.c in Sources */,
				094E3561BD5448CF83C8AD8A /* socket_scan.h in Sources */,
				3CF099B8677B4AA09A02E88B /* ContentView.swift in Sources */,
				A3618DC170D04DFBAF14E6EE /* LaunchLogic.swift in Sources */,
				F978567AC3BC407387DFB5C2 /* MonitorLogic.swift in Sources */,
				BB0C4F9F39EC4306A5F8DAC1 /* ProcessKeyFormatting.swift in Sources */,
				F4FDBA1B817E4B468C7EC6A8 /* DomainModels.swift in Sources */,
				5A0E91B32B254371A24181B5 /* SystemMetrics.swift in Sources */,
				62DACFB4A86649618C4709BC /* PortMaster-Bridging-Header.h in Sources */,
				00B192222D7D4CF9ACAAEF48 /* PortMasterApp.swift in Sources */,
				CACA2ACB6DF840FB84636FEA /* InspectorReport.swift in Sources */,
				A89EC441B78C49C18753B039 /* MonitorService.swift in Sources */,
				D4FAD548278C419797A46E82 /* TerminalService.swift in Sources */,
				938FFD7103994E12B427F787 /* Theme.swift in Sources */,
				9A6FB5A5DB7D4644A2A9C94D /* MonitorViewModel.swift in Sources */,
				FBC9FC6466FF402CBF009D8D /* Performance.swift in Sources */,
				D08AB277078C41BF807BCC15 /* Ports.swift in Sources */,
				55E29632CA67438A8365BE92 /* Processes.swift in Sources */,
				FDA804DD877D4668A0A55203 /* MetricChartView.swift in Sources */,
				DED35881FB84410C9245528A /* SparklineView.swift in Sources */,
				5BB2F559C1814863AD3C8F1E /* InspectorPanelView.swift in Sources */,
				6DBD21D4128D490EBBC24CB6 /* PerformanceView.swift in Sources */,
				EFDEE636191D46659E8B1FEF /* PortsTableView.swift in Sources */,
				B83043C2C3D544D2900E711B /* ProcessTableView.swift in Sources */,
				AB12484E89804D2C8B0F3FA5 /* SidebarView.swift in Sources */,
				6FBE0BDCD5B84D2CB0DAFC9A /* StatusFooterView.swift in Sources */,
				92265BBA08954E5F98D8BCBE /* TablePrimitives.swift in Sources */,
				0A19D7EB0C894DBCA69AFA10 /* TitleBarView.swift in Sources */,
			);
			runOnlyForDeploymentPostprocessing = 0;
		};
		C32C4737CD16457E86C96DE1 /* Sources */ = {
			isa = PBXSourcesBuildPhase;
			buildActionMask = 2147483647;
			files = (
				29D51655D42E45D1BA6ABBA9 /* DiskThroughputTests.swift in Sources */,
				9888376D221043A3A4C23C4C /* LaunchLogicTests.swift in Sources */,
				EE7BA837E1A54FE2BA905DEC /* MonitorLogicTests.swift in Sources */,
				D4C501A4142545F7BC6B9712 /* ObservedRecordingTests.swift in Sources */,
				0FDD8E6C15704AD88AEE812D /* ProcessCollectorTests.swift in Sources */,
				4950A572BD1D4A6CBCC7366A /* ProcessIdentityTests.swift in Sources */,
				2B388DE69BFD4BB985776AAC /* RSSCoverageProbeTests.swift in Sources */,
				3E327763559C491885602A2D /* RenderTests.swift in Sources */,
			);
			runOnlyForDeploymentPostprocessing = 0;
		};
/* End PBXSourcesBuildPhase section */

/* Begin PBXContainerItemProxy section */
		4DBC912AC6F94B92BFA28FCE /* PBXContainerItemProxy */ = {
			isa = PBXContainerItemProxy;
			containerPortal = E18E5A7CBC1A4CB6830C14A8 /* Project object */;
			proxyType = 1;
			remoteGlobalIDString = 53FFCE07370D44D9B85452E6;
			remoteInfo = PortMaster;
		};
/* End PBXContainerItemProxy section */

/* Begin PBXTargetDependency section */
		BAB00C7DFC8248DC94BCE04A /* PBXTargetDependency */ = {
			isa = PBXTargetDependency;
			target = 53FFCE07370D44D9B85452E6 /* PortMaster */;
			targetProxy = 4DBC912AC6F94B92BFA28FCE /* PBXContainerItemProxy */;
		};
/* End PBXTargetDependency section */

/* Begin XCBuildConfiguration section */
		98BD863FAD6B4AF6BEEF4B70 /* Debug */ = {
			isa = XCBuildConfiguration;
			buildSettings = {
				ALWAYS_SEARCH_USER_PATHS = NO;
				CLANG_ENABLE_MODULES = YES;
				COPY_PHASE_STRIP = NO;
				DEBUG_INFORMATION_FORMAT = dwarf;
				ENABLE_TESTABILITY = YES;
				GCC_OPTIMIZATION_LEVEL = 0;
				ONLY_ACTIVE_ARCH = YES;
				SWIFT_ACTIVE_COMPILATION_CONDITIONS = DEBUG;
				SWIFT_OPTIMIZATION_LEVEL = "-Onone";
				MACOSX_DEPLOYMENT_TARGET = 14.0;
				SDKROOT = macosx;
			};
			name = Debug;
		};
		E19DE9BCEA2447FDA64A38A1 /* Release */ = {
			isa = XCBuildConfiguration;
			buildSettings = {
				ALWAYS_SEARCH_USER_PATHS = NO;
				CLANG_ENABLE_MODULES = YES;
				COPY_PHASE_STRIP = NO;
				DEBUG_INFORMATION_FORMAT = "dwarf-with-dsym";
				SWIFT_COMPILATION_MODE = wholemodule;
				SWIFT_OPTIMIZATION_LEVEL = "-O";
				MACOSX_DEPLOYMENT_TARGET = 14.0;
				SDKROOT = macosx;
			};
			name = Release;
		};
		68CE3E2D3B0844B183A1D047 /* Debug */ = {
			isa = XCBuildConfiguration;
			buildSettings = {
				CODE_SIGN_ENTITLEMENTS = PortMaster/PortMaster.entitlements;
				CODE_SIGN_STYLE = Automatic;
				COMBINE_HIDPI_IMAGES = YES;
				CURRENT_PROJECT_VERSION = 1;
				ENABLE_HARDENED_RUNTIME = YES;
				GENERATE_INFOPLIST_FILE = YES;
				INFOPLIST_KEY_CFBundleDisplayName = PortMaster;
				INFOPLIST_KEY_LSMinimumSystemVersion = 14.0;
				LD_RUNPATH_SEARCH_PATHS = (
					"$(inherited)",
					"@executable_path/../Frameworks",
				);
				MARKETING_VERSION = 0.1.0;
				PRODUCT_BUNDLE_IDENTIFIER = com.portmaster.app;
				PRODUCT_NAME = "$(TARGET_NAME)";
				SWIFT_EMIT_LOC_STRINGS = YES;
				SWIFT_OBJC_BRIDGING_HEADER = "PortMaster/PortMaster-Bridging-Header.h";
				SWIFT_VERSION = 5.0;
			};
			name = Debug;
		};
		70BDE088E8A94FCD8913C898 /* Release */ = {
			isa = XCBuildConfiguration;
			buildSettings = {
				CODE_SIGN_ENTITLEMENTS = PortMaster/PortMaster.entitlements;
				CODE_SIGN_STYLE = Automatic;
				COMBINE_HIDPI_IMAGES = YES;
				CURRENT_PROJECT_VERSION = 1;
				ENABLE_HARDENED_RUNTIME = YES;
				GENERATE_INFOPLIST_FILE = YES;
				INFOPLIST_KEY_CFBundleDisplayName = PortMaster;
				INFOPLIST_KEY_LSMinimumSystemVersion = 14.0;
				LD_RUNPATH_SEARCH_PATHS = (
					"$(inherited)",
					"@executable_path/../Frameworks",
				);
				MARKETING_VERSION = 0.1.0;
				PRODUCT_BUNDLE_IDENTIFIER = com.portmaster.app;
				PRODUCT_NAME = "$(TARGET_NAME)";
				SWIFT_EMIT_LOC_STRINGS = YES;
				SWIFT_OBJC_BRIDGING_HEADER = "PortMaster/PortMaster-Bridging-Header.h";
				SWIFT_VERSION = 5.0;
			};
			name = Release;
		};
		1B92ACE81AE5444798EFF0F4 /* Debug */ = {
			isa = XCBuildConfiguration;
			buildSettings = {
				BUNDLE_LOADER = "$(TEST_HOST)";
				CODE_SIGN_STYLE = Automatic;
				GENERATE_INFOPLIST_FILE = YES;
				MACOSX_DEPLOYMENT_TARGET = 14.0;
				PRODUCT_BUNDLE_IDENTIFIER = com.portmaster.app.tests;
				PRODUCT_NAME = "$(TARGET_NAME)";
				SWIFT_VERSION = 5.0;
				TEST_HOST = "$(BUILT_PRODUCTS_DIR)/PortMaster.app/$(BUNDLE_EXECUTABLE_FOLDER_PATH)/PortMaster";
			};
			name = Debug;
		};
		31138D7CD1AF42E5A739951C /* Release */ = {
			isa = XCBuildConfiguration;
			buildSettings = {
				BUNDLE_LOADER = "$(TEST_HOST)";
				CODE_SIGN_STYLE = Automatic;
				GENERATE_INFOPLIST_FILE = YES;
				MACOSX_DEPLOYMENT_TARGET = 14.0;
				PRODUCT_BUNDLE_IDENTIFIER = com.portmaster.app.tests;
				PRODUCT_NAME = "$(TARGET_NAME)";
				SWIFT_VERSION = 5.0;
				TEST_HOST = "$(BUILT_PRODUCTS_DIR)/PortMaster.app/$(BUNDLE_EXECUTABLE_FOLDER_PATH)/PortMaster";
			};
			name = Release;
		};
/* End XCBuildConfiguration section */

/* Begin XCConfigurationList section */
		C847A5D3366F43D8B07A1814 /* Build configuration list for PBXNativeTarget "PortMaster" */ = {
			isa = XCConfigurationList;
			buildConfigurations = (
				68CE3E2D3B0844B183A1D047 /* Debug */,
				70BDE088E8A94FCD8913C898 /* Release */,
			);
			defaultConfigurationIsVisible = 0;
			defaultConfigurationName = Release;
		};
		A3FE1AD8566B4FAE8E1FE429 /* Build configuration list for PBXNativeTarget "PortMasterTests" */ = {
			isa = XCConfigurationList;
			buildConfigurations = (
				1B92ACE81AE5444798EFF0F4 /* Debug */,
				31138D7CD1AF42E5A739951C /* Release */,
			);
			defaultConfigurationIsVisible = 0;
			defaultConfigurationName = Release;
		};
		DEC36A9D03EC4AE2BAACCEA2 /* Build configuration list for PBXProject "PortMaster project" */ = {
			isa = XCConfigurationList;
			buildConfigurations = (
				98BD863FAD6B4AF6BEEF4B70 /* Debug */,
				E19DE9BCEA2447FDA64A38A1 /* Release */,
			);
			defaultConfigurationIsVisible = 0;
			defaultConfigurationName = Release;
		};
/* End XCConfigurationList section */
	};
	rootObject = E18E5A7CBC1A4CB6830C14A8 /* Project object */;
}
